
Microsoft Visual Studio Solution File, Format Version 12.00
# Visual Studio Version 17
VisualStudioVersion = 17.4.33213.308
MinimumVisualStudioVersion = 10.0.40219.1
Project("{FAE04EC0-301F-11D3-BF4B-00C04F79EFBC}") = "logClient", "logClient\logClient.csproj", "{68A2EC89-30AB-459E-AAB0-50DC8FD59DA8}"
EndProject
Project("{FAE04EC0-301F-11D3-BF4B-00C04F79EFBC}") = "logClient.client", "logClient.client\logClient.client.csproj", "{324CCBE0-DCE3-482F-8B73-A61FC17B5E45}"
EndProject
Global
	GlobalSection(SolutionConfigurationPlatforms) = preSolution
		Debug|Any CPU = Debug|Any CPU
		Release|Any CPU = Release|Any CPU
	EndGlobalSection
	GlobalSection(ProjectConfigurationPlatforms) = postSolution
		{68A2EC89-30AB-459E-AAB0-50DC8FD59DA8}.Debug|Any CPU.ActiveCfg = Debug|Any CPU
		{68A2EC89-30AB-459E-AAB0-50DC8FD59DA8}.Debug|Any CPU.Build.0 = Debug|Any CPU
		{68A2EC89-30AB-459E-AAB0-50DC8FD59DA8}.Release|Any CPU.ActiveCfg = Release|Any CPU
		{68A2EC89-30AB-459E-AAB0-50DC8FD59DA8}.Release|Any CPU.Build.0 = Release|Any CPU
		{324CCBE0-DCE3-482F-8B73-A61FC17B5E45}.Debug|Any CPU.ActiveCfg = Debug|Any CPU
		{324CCBE0-DCE3-482F-8B73-A61FC17B5E45}.Debug|Any CPU.Build.0 = Debug|Any CPU
		{324CCBE0-DCE3-482F-8B73-A61FC17B5E45}.Release|Any CPU.ActiveCfg = Release|Any CPU
		{324CCBE0-DCE3-482F-8B73-A61FC17B5E45}.Release|Any CPU.Build.0 = Release|Any CPU
	EndGlobalSection
	GlobalSection(SolutionProperties) = preSolution
		HideSolutionNode = FALSE
	EndGlobalSection
	GlobalSection(ExtensibilityGlobals) = postSolution
		SolutionGuid = {285B9203-C8BA-4EE9-A6F6-FAD80E961638}
	EndGlobalSection
EndGlobal
