
Microsoft Visual Studio Solution File, Format Version 12.00
# Visual Studio Version 17
VisualStudioVersion = 17.4.33213.308
MinimumVisualStudioVersion = 10.0.40219.1
Project("{9A19103F-16F7-4668-BE54-9A1E7A4F7556}") = "logServer", "logServer\logServer.csproj", "{99C2A426-BEC8-4F2E-AD98-C41B9F7D30E6}"
EndProject
Global
	GlobalSection(SolutionConfigurationPlatforms) = preSolution
		Debug|Any CPU = Debug|Any CPU
		Release|Any CPU = Release|Any CPU
	EndGlobalSection
	GlobalSection(ProjectConfigurationPlatforms) = postSolution
		{99C2A426-BEC8-4F2E-AD98-C41B9F7D30E6}.Debug|Any CPU.ActiveCfg = Debug|Any CPU
		{99C2A426-BEC8-4F2E-AD98-C41B9F7D30E6}.Debug|Any CPU.Build.0 = Debug|Any CPU
		{99C2A426-BEC8-4F2E-AD98-C41B9F7D30E6}.Release|Any CPU.ActiveCfg = Release|Any CPU
		{99C2A426-BEC8-4F2E-AD98-C41B9F7D30E6}.Release|Any CPU.Build.0 = Release|Any CPU
	EndGlobalSection
	GlobalSection(SolutionProperties) = preSolution
		HideSolutionNode = FALSE
	EndGlobalSection
	GlobalSection(ExtensibilityGlobals) = postSolution
		SolutionGuid = {7C6B0539-7574-4A4E-8E62-A20D9F406491}
	EndGlobalSection
EndGlobal
